
Microsoft Visual Studio Solution File, Format Version 12.00
# Visual Studio 14
VisualStudioVersion = 14.0.25420.1
MinimumVisualStudioVersion = 10.0.40219.1
Project("{FAE04EC0-301F-11D3-BF4B-00C04F79EFBC}") = "Enterprise.UI", "Enterprise.UI\Enterprise.UI.csproj", "{D7D9EDC9-BD3F-48F4-84D1-D8D0A995BB53}"
EndProject
Project("{FAE04EC0-301F-11D3-BF4B-00C04F79EFBC}") = "DataSheet.Model", "DataSheet.Model\DataSheet.Model.csproj", "{68917492-A585-48ED-B932-7A1686A0F45D}"
EndProject
Project("{FAE04EC0-301F-11D3-BF4B-00C04F79EFBC}") = "ServiceLogic.BLL", "ServiceLogic.BLL\ServiceLogic.BLL.csproj", "{5C8DA1A7-FB70-4201-9801-E078D4280820}"
EndProject
Project("{FAE04EC0-301F-11D3-BF4B-00C04F79EFBC}") = "DataSheetDAL", "DataSheetDAL\DataSheetDAL.csproj", "{A52EB846-4820-4300-8538-E564A357419D}"
EndProject
Global
	GlobalSection(SolutionConfigurationPlatforms) = preSolution
		Debug|Any CPU = Debug|Any CPU
		Release|Any CPU = Release|Any CPU
	EndGlobalSection
	GlobalSection(ProjectConfigurationPlatforms) = postSolution
		{D7D9EDC9-BD3F-48F4-84D1-D8D0A995BB53}.Debug|Any CPU.ActiveCfg = Debug|Any CPU
		{D7D9EDC9-BD3F-48F4-84D1-D8D0A995BB53}.Debug|Any CPU.Build.0 = Debug|Any CPU
		{D7D9EDC9-BD3F-48F4-84D1-D8D0A995BB53}.Release|Any CPU.ActiveCfg = Release|Any CPU
		{D7D9EDC9-BD3F-48F4-84D1-D8D0A995BB53}.Release|Any CPU.Build.0 = Release|Any CPU
		{68917492-A585-48ED-B932-7A1686A0F45D}.Debug|Any CPU.ActiveCfg = Debug|Any CPU
		{68917492-A585-48ED-B932-7A1686A0F45D}.Debug|Any CPU.Build.0 = Debug|Any CPU
		{68917492-A585-48ED-B932-7A1686A0F45D}.Release|Any CPU.ActiveCfg = Release|Any CPU
		{68917492-A585-48ED-B932-7A1686A0F45D}.Release|Any CPU.Build.0 = Release|Any CPU
		{5C8DA1A7-FB70-4201-9801-E078D4280820}.Debug|Any CPU.ActiveCfg = Debug|Any CPU
		{5C8DA1A7-FB70-4201-9801-E078D4280820}.Debug|Any CPU.Build.0 = Debug|Any CPU
		{5C8DA1A7-FB70-4201-9801-E078D4280820}.Release|Any CPU.ActiveCfg = Release|Any CPU
		{5C8DA1A7-FB70-4201-9801-E078D4280820}.Release|Any CPU.Build.0 = Release|Any CPU
		{A52EB846-4820-4300-8538-E564A357419D}.Debug|Any CPU.ActiveCfg = Debug|Any CPU
		{A52EB846-4820-4300-8538-E564A357419D}.Debug|Any CPU.Build.0 = Debug|Any CPU
		{A52EB846-4820-4300-8538-E564A357419D}.Release|Any CPU.ActiveCfg = Release|Any CPU
		{A52EB846-4820-4300-8538-E564A357419D}.Release|Any CPU.Build.0 = Release|Any CPU
	EndGlobalSection
	GlobalSection(SolutionProperties) = preSolution
		HideSolutionNode = FALSE
	EndGlobalSection
EndGlobal
